
Microsoft Visual Studio Solution File, Format Version 12.00
# Visual Studio 2013
Project("{FAE04EC0-301F-11D3-BF4B-00C04F79EFBC}") = "UnityVS.CoopWorldGame.CSharp.Plugins", "UnityVS.CoopWorldGame.CSharp.Plugins.csproj", "{932D2355-364E-6AA1-8C83-135004FBBC84}"
EndProject
Project("{FAE04EC0-301F-11D3-BF4B-00C04F79EFBC}") = "UnityVS.CoopWorldGame.CSharp", "UnityVS.CoopWorldGame.CSharp.csproj", "{F4409348-802A-C82C-FEB9-2FB9BA1859D5}"
EndProject
Project("{FAE04EC0-301F-11D3-BF4B-00C04F79EFBC}") = "UnityVS.CoopWorldGame.CSharp.Editor", "UnityVS.CoopWorldGame.CSharp.Editor.csproj", "{1B5E446C-D19A-D3B5-DAFD-B88B3127464B}"
EndProject
Global
	GlobalSection(SolutionConfigurationPlatforms) = preSolution
		Debug|Any CPU = Debug|Any CPU
		Release|Any CPU = Release|Any CPU
	EndGlobalSection
	GlobalSection(ProjectConfigurationPlatforms) = postSolution
		{932D2355-364E-6AA1-8C83-135004FBBC84}.Debug|Any CPU.ActiveCfg = Debug|Any CPU
		{932D2355-364E-6AA1-8C83-135004FBBC84}.Debug|Any CPU.Build.0 = Debug|Any CPU
		{932D2355-364E-6AA1-8C83-135004FBBC84}.Release|Any CPU.ActiveCfg = Release|Any CPU
		{932D2355-364E-6AA1-8C83-135004FBBC84}.Release|Any CPU.Build.0 = Release|Any CPU
		{F4409348-802A-C82C-FEB9-2FB9BA1859D5}.Debug|Any CPU.ActiveCfg = Debug|Any CPU
		{F4409348-802A-C82C-FEB9-2FB9BA1859D5}.Debug|Any CPU.Build.0 = Debug|Any CPU
		{F4409348-802A-C82C-FEB9-2FB9BA1859D5}.Release|Any CPU.ActiveCfg = Release|Any CPU
		{F4409348-802A-C82C-FEB9-2FB9BA1859D5}.Release|Any CPU.Build.0 = Release|Any CPU
		{1B5E446C-D19A-D3B5-DAFD-B88B3127464B}.Debug|Any CPU.ActiveCfg = Debug|Any CPU
		{1B5E446C-D19A-D3B5-DAFD-B88B3127464B}.Debug|Any CPU.Build.0 = Debug|Any CPU
		{1B5E446C-D19A-D3B5-DAFD-B88B3127464B}.Release|Any CPU.ActiveCfg = Release|Any CPU
		{1B5E446C-D19A-D3B5-DAFD-B88B3127464B}.Release|Any CPU.Build.0 = Release|Any CPU
	EndGlobalSection
	GlobalSection(SolutionProperties) = preSolution
		HideSolutionNode = FALSE
	EndGlobalSection
EndGlobal
